{
  "name": "lala",
  "version": "1.0.0",
  "lockfileVersion": 1,
  "requires": true,
  "dependencies": {
    "@nuxtjs/bulma": {
      "version": "1.2.6",
      "resolved": "https://registry.npmjs.org/@nuxtjs/bulma/-/bulma-1.2.6.tgz",
      "integrity": "sha512-h/YPxtbo40OkxL/wQnDsh/9Vu6V0RGFu7uaR4NB77Qe4xDUZPZiA7DKTTBGrJ0gXsVZH2xOQadMT3GqyhdM9Ww=="
    },
    "nuxt": {
      "version": "2.11.0",
      "resolved": "https://registry.npmjs.org/nuxt/-/nuxt-2.11.0.tgz",
      "integrity": "sha512-Y7lastjYWIOppja0FaWozPfkvlmJ8uZSqWx0VbK7l5djbHls5jgUGag0iu6GsNNwCFTKpoAtptNHiWOsyMxStA=="
    }
  }
}
